// !$*UTF8*$!
{
	archiveVersion = 1;
	classes = {
	};
	objectVersion = 50;
	objects = {

/* Begin PBXBuildFile section */
		1B8ECB2296CCD897B5E7D835 /* Pods_p4_ffa.framework in Frameworks */ = {isa = PBXBuildFile; fileRef = 7685037059B35CC9A44559BE /* Pods_p4_ffa.framework */; };
		AB6B87CF222F53790065E652 /* AppDelegate.swift in Sources */ = {isa = PBXBuildFile; fileRef = AB6B87CE222F53790065E652 /* AppDelegate.swift */; };
		AB6B87D1222F53790065E652 /* ViewController.swift in Sources */ = {isa = PBXBuildFile; fileRef = AB6B87D0222F53790065E652 /* ViewController.swift */; };
		AB6B87D4222F53790065E652 /* Main.storyboard in Resources */ = {isa = PBXBuildFile; fileRef = AB6B87D2222F53790065E652 /* Main.storyboard */; };
		AB6B87D6222F537B0065E652 /* Assets.xcassets in Resources */ = {isa = PBXBuildFile; fileRef = AB6B87D5222F537B0065E652 /* Assets.xcassets */; };
		AB6B87D9222F537B0065E652 /* LaunchScreen.storyboard in Resources */ = {isa = PBXBuildFile; fileRef = AB6B87D7222F537B0065E652 /* LaunchScreen.storyboard */; };
/* End PBXBuildFile section */

/* Begin PBXFileReference section */
		12B12FB6BD54AA7891C50C1E /* Pods-p4_ffa.debug.xcconfig */ = {isa = PBXFileReference; includeInIndex = 1; lastKnownFileType = text.xcconfig; name = "Pods-p4_ffa.debug.xcconfig"; path = "Target Support Files/Pods-p4_ffa/Pods-p4_ffa.debug.xcconfig"; sourceTree = "<group>"; };
		7685037059B35CC9A44559BE /* Pods_p4_ffa.framework */ = {isa = PBXFileReference; explicitFileType = wrapper.framework; includeInIndex = 0; path = Pods_p4_ffa.framework; sourceTree = BUILT_PRODUCTS_DIR; };
		83E25026B73304AC43FFF8B5 /* Pods-p4_ffa.release.xcconfig */ = {isa = PBXFileReference; includeInIndex = 1; lastKnownFileType = text.xcconfig; name = "Pods-p4_ffa.release.xcconfig"; path = "Target Support Files/Pods-p4_ffa/Pods-p4_ffa.release.xcconfig"; sourceTree = "<group>"; };
		AB6B87CB222F53790065E652 /* p4_ffa.app */ = {isa = PBXFileReference; explicitFileType = wrapper.application; includeInIndex = 0; path = p4_ffa.app; sourceTree = BUILT_PRODUCTS_DIR; };
		AB6B87CE222F53790065E652 /* AppDelegate.swift */ = {isa = PBXFileReference; lastKnownFileType = sourcecode.swift; path = AppDelegate.swift; sourceTree = "<group>"; };
		AB6B87D0222F53790065E652 /* ViewController.swift */ = {isa = PBXFileReference; lastKnownFileType = sourcecode.swift; path = ViewController.swift; sourceTree = "<group>"; };
		AB6B87D3222F53790065E652 /* Base */ = {isa = PBXFileReference; lastKnownFileType = file.storyboard; name = Base; path = Base.lproj/Main.storyboard; sourceTree = "<group>"; };
		AB6B87D5222F537B0065E652 /* Assets.xcassets */ = {isa = PBXFileReference; lastKnownFileType = folder.assetcatalog; path = Assets.xcassets; sourceTree = "<group>"; };
		AB6B87D8222F537B0065E652 /* Base */ = {isa = PBXFileReference; lastKnownFileType = file.storyboard; name = Base; path = Base.lproj/LaunchScreen.storyboard; sourceTree = "<group>"; };
		AB6B87DA222F537B0065E652 /* Info.plist */ = {isa = PBXFileReference; lastKnownFileType = text.plist.xml; path = Info.plist; sourceTree = "<group>"; };
/* End PBXFileReference section */

/* Begin PBXFrameworksBuildPhase section */
		AB6B87C8222F53790065E652 /* Frameworks */ = {
			isa = PBXFrameworksBuildPhase;
			buildActionMask = 2147483647;
			files = (
				1B8ECB2296CCD897B5E7D835 /* Pods_p4_ffa.framework in Frameworks */,
			);
			runOnlyForDeploymentPostprocessing = 0;
		};
/* End PBXFrameworksBuildPhase section */

/* Begin PBXGroup section */
		16E44557E087761CD359BCF8 /* Pods */ = {
			isa = PBXGroup;
			children = (
				12B12FB6BD54AA7891C50C1E /* Pods-p4_ffa.debug.xcconfig */,
				83E25026B73304AC43FFF8B5 /* Pods-p4_ffa.release.xcconfig */,
			);
			name = Pods;
			path = Pods;
			sourceTree = "<group>";
		};
		739CFB5AB2BBB28B5470C931 /* Frameworks */ = {
			isa = PBXGroup;
			children = (
				7685037059B35CC9A44559BE /* Pods_p4_ffa.framework */,
			);
			name = Frameworks;
			sourceTree = "<group>";
		};
		AB6B87C2222F53790065E652 = {
			isa = PBXGroup;
			children = (
				AB6B87CD222F53790065E652 /* p4_ffa */,
				AB6B87CC222F53790065E652 /* Products */,
				16E44557E087761CD359BCF8 /* Pods */,
				739CFB5AB2BBB28B5470C931 /* Frameworks */,
			);
			sourceTree = "<group>";
		};
		AB6B87CC222F53790065E652 /* Products */ = {
			isa = PBXGroup;
			children = (
				AB6B87CB222F53790065E652 /* p4_ffa.app */,
			);
			name = Products;
			sourceTree = "<group>";
		};
		AB6B87CD222F53790065E652 /* p4_ffa */ = {
			isa = PBXGroup;
			children = (
				AB6B87CE222F53790065E652 /* AppDelegate.swift */,
				AB6B87D0222F53790065E652 /* ViewController.swift */,
				AB6B87D2222F53790065E652 /* Main.storyboard */,
				AB6B87D5222F537B0065E652 /* Assets.xcassets */,
				AB6B87D7222F537B0065E652 /* LaunchScreen.storyboard */,
				AB6B87DA222F537B0065E652 /* Info.plist */,
			);
			path = p4_ffa;
			sourceTree = "<group>";
		};
/* End PBXGroup section */

/* Begin PBXNativeTarget section */
		AB6B87CA222F53790065E652 /* p4_ffa */ = {
			isa = PBXNativeTarget;
			buildConfigurationList = AB6B87DD222F537B0065E652 /* Build configuration list for PBXNativeTarget "p4_ffa" */;
			buildPhases = (
				4D31119B0E4ADDA85974F059 /* [CP] Check Pods Manifest.lock */,
				AB6B87C7222F53790065E652 /* Sources */,
				AB6B87C8222F53790065E652 /* Frameworks */,
				AB6B87C9222F53790065E652 /* Resources */,
				3C3CA2B386755E2C2D189364 /* [CP] Embed Pods Frameworks */,
			);
			buildRules = (
			);
			dependencies = (
			);
			name = p4_ffa;
			productName = p4_ffa;
			productReference = AB6B87CB222F53790065E652 /* p4_ffa.app */;
			productType = "com.apple.product-type.application";
		};
/* End PBXNativeTarget section */

/* Begin PBXProject section */
		AB6B87C3222F53790065E652 /* Project object */ = {
			isa = PBXProject;
			attributes = {
				LastSwiftUpdateCheck = 1010;
				LastUpgradeCheck = 1010;
				ORGANIZATIONNAME = Jonathan;
				TargetAttributes = {
					AB6B87CA222F53790065E652 = {
						CreatedOnToolsVersion = 10.1;
					};
				};
			};
			buildConfigurationList = AB6B87C6222F53790065E652 /* Build configuration list for PBXProject "p4_ffa" */;
			compatibilityVersion = "Xcode 9.3";
			developmentRegion = en;
			hasScannedForEncodings = 0;
			knownRegions = (
				en,
				Base,
			);
			mainGroup = AB6B87C2222F53790065E652;
			productRefGroup = AB6B87CC222F53790065E652 /* Products */;
			projectDirPath = "";
			projectRoot = "";
			targets = (
				AB6B87CA222F53790065E652 /* p4_ffa */,
			);
		};
/* End PBXProject section */

/* Begin PBXResourcesBuildPhase section */
		AB6B87C9222F53790065E652 /* Resources */ = {
			isa = PBXResourcesBuildPhase;
			buildActionMask = 2147483647;
			files = (
				AB6B87D9222F537B0065E652 /* LaunchScreen.storyboard in Resources */,
				AB6B87D6222F537B0065E652 /* Assets.xcassets in Resources */,
				AB6B87D4222F53790065E652 /* Main.storyboard in Resources */,
			);
			runOnlyForDeploymentPostprocessing = 0;
		};
/* End PBXResourcesBuildPhase section */

/* Begin PBXShellScriptBuildPhase section */
		3C3CA2B386755E2C2D189364 /* [CP] Embed Pods Frameworks */ = {
			isa = PBXShellScriptBuildPhase;
			buildActionMask = 2147483647;
			files = (
			);
			inputFileListPaths = (
			);
			inputPaths = (
				"${PODS_ROOT}/Target Support Files/Pods-p4_ffa/Pods-p4_ffa-frameworks.sh",
				"${BUILT_PRODUCTS_DIR}/Alamofire/Alamofire.framework",
				"${BUILT_PRODUCTS_DIR}/NVActivityIndicatorView/NVActivityIndicatorView.framework",
				"${BUILT_PRODUCTS_DIR}/SwiftyJSON/SwiftyJSON.framework",
			);
			name = "[CP] Embed Pods Frameworks";
			outputFileListPaths = (
			);
			outputPaths = (
				"${TARGET_BUILD_DIR}/${FRAMEWORKS_FOLDER_PATH}/Alamofire.framework",
				"${TARGET_BUILD_DIR}/${FRAMEWORKS_FOLDER_PATH}/NVActivityIndicatorView.framework",
				"${TARGET_BUILD_DIR}/${FRAMEWORKS_FOLDER_PATH}/SwiftyJSON.framework",
			);
			runOnlyForDeploymentPostprocessing = 0;
			shellPath = /bin/sh;
			shellScript = "\"${PODS_ROOT}/Target Support Files/Pods-p4_ffa/Pods-p4_ffa-frameworks.sh\"\n";
			showEnvVarsInLog = 0;
		};
		4D31119B0E4ADDA85974F059 /* [CP] Check Pods Manifest.lock */ = {
			isa = PBXShellScriptBuildPhase;
			buildActionMask = 2147483647;
			files = (
			);
			inputFileListPaths = (
			);
			inputPaths = (
				"${PODS_PODFILE_DIR_PATH}/Podfile.lock",
				"${PODS_ROOT}/Manifest.lock",
			);
			name = "[CP] Check Pods Manifest.lock";
			outputFileListPaths = (
			);
			outputPaths = (
				"$(DERIVED_FILE_DIR)/Pods-p4_ffa-checkManifestLockResult.txt",
			);
			runOnlyForDeploymentPostprocessing = 0;
			shellPath = /bin/sh;
			shellScript = "diff \"${PODS_PODFILE_DIR_PATH}/Podfile.lock\" \"${PODS_ROOT}/Manifest.lock\" > /dev/null\nif [ $? != 0 ] ; then\n    # print error to STDERR\n    echo \"error: The sandbox is not in sync with the Podfile.lock. Run 'pod install' or update your CocoaPods installation.\" >&2\n    exit 1\nfi\n# This output is used by Xcode 'outputs' to avoid re-running this script phase.\necho \"SUCCESS\" > \"${SCRIPT_OUTPUT_FILE_0}\"\n";
			showEnvVarsInLog = 0;
		};
/* End PBXShellScriptBuildPhase section */

/* Begin PBXSourcesBuildPhase section */
		AB6B87C7222F53790065E652 /* Sources */ = {
			isa = PBXSourcesBuildPhase;
			buildActionMask = 2147483647;
			files = (
				AB6B87D1222F53790065E652 /* ViewController.swift in Sources */,
				AB6B87CF222F53790065E652 /* AppDelegate.swift in Sources */,
			);
			runOnlyForDeploymentPostprocessing = 0;
		};
/* End PBXSourcesBuildPhase section */

/* Begin PBXVariantGroup section */
		AB6B87D2222F53790065E652 /* Main.storyboard */ = {
			isa = PBXVariantGroup;
			children = (
				AB6B87D3222F53790065E652 /* Base */,
			);
			name = Main.storyboard;
			sourceTree = "<group>";
		};
		AB6B87D7222F537B0065E652 /* LaunchScreen.storyboard */ = {
			isa = PBXVariantGroup;
			children = (
				AB6B87D8222F537B0065E652 /* Base */,
			);
			name = LaunchScreen.storyboard;
			sourceTree = "<group>";
		};
/* End PBXVariantGroup section */

/* Begin XCBuildConfiguration section */
		AB6B87DB222F537B0065E652 /* Debug */ = {
			isa = XCBuildConfiguration;
			buildSettings = {
				ALWAYS_SEARCH_USER_PATHS = NO;
				CLANG_ANALYZER_NONNULL = YES;
				CLANG_ANALYZER_NUMBER_OBJECT_CONVERSION = YES_AGGRESSIVE;
				CLANG_CXX_LANGUAGE_STANDARD = "gnu++14";
				CLANG_CXX_LIBRARY = "libc++";
				CLANG_ENABLE_MODULES = YES;
				CLANG_ENABLE_OBJC_ARC = YES;
				CLANG_ENABLE_OBJC_WEAK = YES;
				CLANG_WARN_BLOCK_CAPTURE_AUTORELEASING = YES;
				CLANG_WARN_BOOL_CONVERSION = YES;
				CLANG_WARN_COMMA = YES;
				CLANG_WARN_CONSTANT_CONVERSION = YES;
				CLANG_WARN_DEPRECATED_OBJC_IMPLEMENTATIONS = YES;
				CLANG_WARN_DIRECT_OBJC_ISA_USAGE = YES_ERROR;
				CLANG_WARN_DOCUMENTATION_COMMENTS = YES;
				CLANG_WARN_EMPTY_BODY = YES;
				CLANG_WARN_ENUM_CONVERSION = YES;
				CLANG_WARN_INFINITE_RECURSION = YES;
				CLANG_WARN_INT_CONVERSION = YES;
				CLANG_WARN_NON_LITERAL_NULL_CONVERSION = YES;
				CLANG_WARN_OBJC_IMPLICIT_RETAIN_SELF = YES;
				CLANG_WARN_OBJC_LITERAL_CONVERSION = YES;
				CLANG_WARN_OBJC_ROOT_CLASS = YES_ERROR;
				CLANG_WARN_RANGE_LOOP_ANALYSIS = YES;
				CLANG_WARN_STRICT_PROTOTYPES = YES;
				CLANG_WARN_SUSPICIOUS_MOVE = YES;
				CLANG_WARN_UNGUARDED_AVAILABILITY = YES_AGGRESSIVE;
				CLANG_WARN_UNREACHABLE_CODE = YES;
				CLANG_WARN__DUPLICATE_METHOD_MATCH = YES;
				CODE_SIGN_IDENTITY = "iPhone Developer";
				COPY_PHASE_STRIP = NO;
				DEBUG_INFORMATION_FORMAT = dwarf;
				ENABLE_STRICT_OBJC_MSGSEND = YES;
				ENABLE_TESTABILITY = YES;
				GCC_C_LANGUAGE_STANDARD = gnu11;
				GCC_DYNAMIC_NO_PIC = NO;
				GCC_NO_COMMON_BLOCKS = YES;
				GCC_OPTIMIZATION_LEVEL = 0;
				GCC_PREPROCESSOR_DEFINITIONS = (
					"DEBUG=1",
					"$(inherited)",
				);
				GCC_WARN_64_TO_32_BIT_CONVERSION = YES;
				GCC_WARN_ABOUT_RETURN_TYPE = YES_ERROR;
				GCC_WARN_UNDECLARED_SELECTOR = YES;
				GCC_WARN_UNINITIALIZED_AUTOS = YES_AGGRESSIVE;
				GCC_WARN_UNUSED_FUNCTION = YES;
				GCC_WARN_UNUSED_VARIABLE = YES;
				IPHONEOS_DEPLOYMENT_TARGET = 12.1;
				MTL_ENABLE_DEBUG_INFO = INCLUDE_SOURCE;
				MTL_FAST_MATH = YES;
				ONLY_ACTIVE_ARCH = YES;
				SDKROOT = iphoneos;
				SWIFT_ACTIVE_COMPILATION_CONDITIONS = DEBUG;
				SWIFT_OPTIMIZATION_LEVEL = "-Onone";
			};
			name = Debug;
		};
		AB6B87DC222F537B0065E652 /* Release */ = {
			isa = XCBuildConfiguration;
			buildSettings = {
				ALWAYS_SEARCH_USER_PATHS = NO;
				CLANG_ANALYZER_NONNULL = YES;
				CLANG_ANALYZER_NUMBER_OBJECT_CONVERSION = YES_AGGRESSIVE;
				CLANG_CXX_LANGUAGE_STANDARD = "gnu++14";
				CLANG_CXX_LIBRARY = "libc++";
				CLANG_ENABLE_MODULES = YES;
				CLANG_ENABLE_OBJC_ARC = YES;
				CLANG_ENABLE_OBJC_WEAK = YES;
				CLANG_WARN_BLOCK_CAPTURE_AUTORELEASING = YES;
				CLANG_WARN_BOOL_CONVERSION = YES;
				CLANG_WARN_COMMA = YES;
				CLANG_WARN_CONSTANT_CONVERSION = YES;
				CLANG_WARN_DEPRECATED_OBJC_IMPLEMENTATIONS = YES;
				CLANG_WARN_DIRECT_OBJC_ISA_USAGE = YES_ERROR;
				CLANG_WARN_DOCUMENTATION_COMMENTS = YES;
				CLANG_WARN_EMPTY_BODY = YES;
				CLANG_WARN_ENUM_CONVERSION = YES;
				CLANG_WARN_INFINITE_RECURSION = YES;
				CLANG_WARN_INT_CONVERSION = YES;
				CLANG_WARN_NON_LITERAL_NULL_CONVERSION = YES;
				CLANG_WARN_OBJC_IMPLICIT_RETAIN_SELF = YES;
				CLANG_WARN_OBJC_LITERAL_CONVERSION = YES;
				CLANG_WARN_OBJC_ROOT_CLASS = YES_ERROR;
				CLANG_WARN_RANGE_LOOP_ANALYSIS = YES;
				CLANG_WARN_STRICT_PROTOTYPES = YES;
				CLANG_WARN_SUSPICIOUS_MOVE = YES;
				CLANG_WARN_UNGUARDED_AVAILABILITY = YES_AGGRESSIVE;
				CLANG_WARN_UNREACHABLE_CODE = YES;
				CLANG_WARN__DUPLICATE_METHOD_MATCH = YES;
				CODE_SIGN_IDENTITY = "iPhone Developer";
				COPY_PHASE_STRIP = NO;
				DEBUG_INFORMATION_FORMAT = "dwarf-with-dsym";
				ENABLE_NS_ASSERTIONS = NO;
				ENABLE_STRICT_OBJC_MSGSEND = YES;
				GCC_C_LANGUAGE_STANDARD = gnu11;
				GCC_NO_COMMON_BLOCKS = YES;
				GCC_WARN_64_TO_32_BIT_CONVERSION = YES;
				GCC_WARN_ABOUT_RETURN_TYPE = YES_ERROR;
				GCC_WARN_UNDECLARED_SELECTOR = YES;
				GCC_WARN_UNINITIALIZED_AUTOS = YES_AGGRESSIVE;
				GCC_WARN_UNUSED_FUNCTION = YES;
				GCC_WARN_UNUSED_VARIABLE = YES;
				IPHONEOS_DEPLOYMENT_TARGET = 12.1;
				MTL_ENABLE_DEBUG_INFO = NO;
				MTL_FAST_MATH = YES;
				SDKROOT = iphoneos;
				SWIFT_COMPILATION_MODE = wholemodule;
				SWIFT_OPTIMIZATION_LEVEL = "-O";
				VALIDATE_PRODUCT = YES;
			};
			name = Release;
		};
		AB6B87DE222F537B0065E652 /* Debug */ = {
			isa = XCBuildConfiguration;
			baseConfigurationReference = 12B12FB6BD54AA7891C50C1E /* Pods-p4_ffa.debug.xcconfig */;
			buildSettings = {
				ASSETCATALOG_COMPILER_APPICON_NAME = AppIcon;
				CODE_SIGN_STYLE = Automatic;
				INFOPLIST_FILE = p4_ffa/Info.plist;
				LD_RUNPATH_SEARCH_PATHS = (
					"$(inherited)",
					"@executable_path/Frameworks",
				);
				PRODUCT_BUNDLE_IDENTIFIER = "jonathan.p4-ffa";
				PRODUCT_NAME = "$(TARGET_NAME)";
				SWIFT_VERSION = 4.2;
				TARGETED_DEVICE_FAMILY = "1,2";
			};
			name = Debug;
		};
		AB6B87DF222F537B0065E652 /* Release */ = {
			isa = XCBuildConfiguration;
			baseConfigurationReference = 83E25026B73304AC43FFF8B5 /* Pods-p4_ffa.release.xcconfig */;
			buildSettings = {
				ASSETCATALOG_COMPILER_APPICON_NAME = AppIcon;
				CODE_SIGN_STYLE = Automatic;
				INFOPLIST_FILE = p4_ffa/Info.plist;
				LD_RUNPATH_SEARCH_PATHS = (
					"$(inherited)",
					"@executable_path/Frameworks",
				);
				PRODUCT_BUNDLE_IDENTIFIER = "jonathan.p4-ffa";
				PRODUCT_NAME = "$(TARGET_NAME)";
				SWIFT_VERSION = 4.2;
				TARGETED_DEVICE_FAMILY = "1,2";
			};
			name = Release;
		};
/* End XCBuildConfiguration section */

/* Begin XCConfigurationList section */
		AB6B87C6222F53790065E652 /* Build configuration list for PBXProject "p4_ffa" */ = {
			isa = XCConfigurationList;
			buildConfigurations = (
				AB6B87DB222F537B0065E652 /* Debug */,
				AB6B87DC222F537B0065E652 /* Release */,
			);
			defaultConfigurationIsVisible = 0;
			defaultConfigurationName = Release;
		};
		AB6B87DD222F537B0065E652 /* Build configuration list for PBXNativeTarget "p4_ffa" */ = {
			isa = XCConfigurationList;
			buildConfigurations = (
				AB6B87DE222F537B0065E652 /* Debug */,
				AB6B87DF222F537B0065E652 /* Release */,
			);
			defaultConfigurationIsVisible = 0;
			defaultConfigurationName = Release;
		};
/* End XCConfigurationList section */
	};
	rootObject = AB6B87C3222F53790065E652 /* Project object */;
}
